// !$*UTF8*$!
{
	archiveVersion = 1;
	classes = {
	};
	objectVersion = 56;
	objects = {

/* Begin PBXBuildFile section */
		EBD166152B308BB700CAE1D3 /* StudyPlanetiOSApp.swift in Sources */ = {isa = PBXBuildFile; fileRef = EBD166142B308BB700CAE1D3 /* StudyPlanetiOSApp.swift */; };
		EBD166172B308BB700CAE1D3 /* ContentView.swift in Sources */ = {isa = PBXBuildFile; fileRef = EBD166162B308BB700CAE1D3 /* ContentView.swift */; };
		EBD166192B308BB800CAE1D3 /* Assets.xcassets in Resources */ = {isa = PBXBuildFile; fileRef = EBD166182B308BB800CAE1D3 /* Assets.xcassets */; };
		EBD1661C2B308BB800CAE1D3 /* Preview Assets.xcassets in Resources */ = {isa = PBXBuildFile; fileRef = EBD1661B2B308BB800CAE1D3 /* Preview Assets.xcassets */; };
		EBD166262B308BB900CAE1D3 /* StudyPlanetiOSTests.swift in Sources */ = {isa = PBXBuildFile; fileRef = EBD166252B308BB900CAE1D3 /* StudyPlanetiOSTests.swift */; };
		EBD166302B308BB900CAE1D3 /* StudyPlanetiOSUITests.swift in Sources */ = {isa = PBXBuildFile; fileRef = EBD1662F2B308BB900CAE1D3 /* StudyPlanetiOSUITests.swift */; };
		EBD166322B308BB900CAE1D3 /* StudyPlanetiOSUITestsLaunchTests.swift in Sources */ = {isa = PBXBuildFile; fileRef = EBD166312B308BB900CAE1D3 /* StudyPlanetiOSUITestsLaunchTests.swift */; };
/* End PBXBuildFile section */

/* Begin PBXContainerItemProxy section */
		EBD166222B308BB900CAE1D3 /* PBXContainerItemProxy */ = {
			isa = PBXContainerItemProxy;
			containerPortal = EBD166092B308BB700CAE1D3 /* Project object */;
			proxyType = 1;
			remoteGlobalIDString = EBD166102B308BB700CAE1D3;
			remoteInfo = StudyPlanetiOS;
		};
		EBD1662C2B308BB900CAE1D3 /* PBXContainerItemProxy */ = {
			isa = PBXContainerItemProxy;
			containerPortal = EBD166092B308BB700CAE1D3 /* Project object */;
			proxyType = 1;
			remoteGlobalIDString = EBD166102B308BB700CAE1D3;
			remoteInfo = StudyPlanetiOS;
		};
/* End PBXContainerItemProxy section */

/* Begin PBXFileReference section */
		EBD166112B308BB700CAE1D3 /* StudyPlanetiOS.app */ = {isa = PBXFileReference; explicitFileType = wrapper.application; includeInIndex = 0; path = StudyPlanetiOS.app; sourceTree = BUILT_PRODUCTS_DIR; };
		EBD166142B308BB700CAE1D3 /* StudyPlanetiOSApp.swift */ = {isa = PBXFileReference; lastKnownFileType = sourcecode.swift; path = StudyPlanetiOSApp.swift; sourceTree = "<group>"; };
		EBD166162B308BB700CAE1D3 /* ContentView.swift */ = {isa = PBXFileReference; lastKnownFileType = sourcecode.swift; path = ContentView.swift; sourceTree = "<group>"; };
		EBD166182B308BB800CAE1D3 /* Assets.xcassets */ = {isa = PBXFileReference; lastKnownFileType = folder.assetcatalog; path = Assets.xcassets; sourceTree = "<group>"; };
		EBD1661B2B308BB800CAE1D3 /* Preview Assets.xcassets */ = {isa = PBXFileReference; lastKnownFileType = folder.assetcatalog; path = "Preview Assets.xcassets"; sourceTree = "<group>"; };
		EBD166212B308BB900CAE1D3 /* StudyPlanetiOSTests.xctest */ = {isa = PBXFileReference; explicitFileType = wrapper.cfbundle; includeInIndex = 0; path = StudyPlanetiOSTests.xctest; sourceTree = BUILT_PRODUCTS_DIR; };
		EBD166252B308BB900CAE1D3 /* StudyPlanetiOSTests.swift */ = {isa = PBXFileReference; lastKnownFileType = sourcecode.swift; path = StudyPlanetiOSTests.swift; sourceTree = "<group>"; };
		EBD1662B2B308BB900CAE1D3 /* StudyPlanetiOSUITests.xctest */ = {isa = PBXFileReference; explicitFileType = wrapper.cfbundle; includeInIndex = 0; path = StudyPlanetiOSUITests.xctest; sourceTree = BUILT_PRODUCTS_DIR; };
		EBD1662F2B308BB900CAE1D3 /* StudyPlanetiOSUITests.swift */ = {isa = PBXFileReference; lastKnownFileType = sourcecode.swift; path = StudyPlanetiOSUITests.swift; sourceTree = "<group>"; };
		EBD166312B308BB900CAE1D3 /* StudyPlanetiOSUITestsLaunchTests.swift */ = {isa = PBXFileReference; lastKnownFileType = sourcecode.swift; path = StudyPlanetiOSUITestsLaunchTests.swift; sourceTree = "<group>"; };
/* End PBXFileReference section */

/* Begin PBXFrameworksBuildPhase section */
		EBD1660E2B308BB700CAE1D3 /* Frameworks */ = {
			isa = PBXFrameworksBuildPhase;
			buildActionMask = 2147483647;
			files = (
			);
			runOnlyForDeploymentPostprocessing = 0;
		};
		EBD1661E2B308BB900CAE1D3 /* Frameworks */ = {
			isa = PBXFrameworksBuildPhase;
			buildActionMask = 2147483647;
			files = (
			);
			runOnlyForDeploymentPostprocessing = 0;
		};
		EBD166282B308BB900CAE1D3 /* Frameworks */ = {
			isa = PBXFrameworksBuildPhase;
			buildActionMask = 2147483647;
			files = (
			);
			runOnlyForDeploymentPostprocessing = 0;
		};
/* End PBXFrameworksBuildPhase section */

/* Begin PBXGroup section */
		EBD166082B308BB700CAE1D3 = {
			isa = PBXGroup;
			children = (
				EBD166132B308BB700CAE1D3 /* StudyPlanetiOS */,
				EBD166242B308BB900CAE1D3 /* StudyPlanetiOSTests */,
				EBD1662E2B308BB900CAE1D3 /* StudyPlanetiOSUITests */,
				EBD166122B308BB700CAE1D3 /* Products */,
			);
			sourceTree = "<group>";
		};
		EBD166122B308BB700CAE1D3 /* Products */ = {
			isa = PBXGroup;
			children = (
				EBD166112B308BB700CAE1D3 /* StudyPlanetiOS.app */,
				EBD166212B308BB900CAE1D3 /* StudyPlanetiOSTests.xctest */,
				EBD1662B2B308BB900CAE1D3 /* StudyPlanetiOSUITests.xctest */,
			);
			name = Products;
			sourceTree = "<group>";
		};
		EBD166132B308BB700CAE1D3 /* StudyPlanetiOS */ = {
			isa = PBXGroup;
			children = (
				EBD166142B308BB700CAE1D3 /* StudyPlanetiOSApp.swift */,
				EBD166162B308BB700CAE1D3 /* ContentView.swift */,
				EBD166182B308BB800CAE1D3 /* Assets.xcassets */,
				EBD1661A2B308BB800CAE1D3 /* Preview Content */,
			);
			path = StudyPlanetiOS;
			sourceTree = "<group>";
		};
		EBD1661A2B308BB800CAE1D3 /* Preview Content */ = {
			isa = PBXGroup;
			children = (
				EBD1661B2B308BB800CAE1D3 /* Preview Assets.xcassets */,
			);
			path = "Preview Content";
			sourceTree = "<group>";
		};
		EBD166242B308BB900CAE1D3 /* StudyPlanetiOSTests */ = {
			isa = PBXGroup;
			children = (
				EBD166252B308BB900CAE1D3 /* StudyPlanetiOSTests.swift */,
			);
			path = StudyPlanetiOSTests;
			sourceTree = "<group>";
		};
		EBD1662E2B308BB900CAE1D3 /* StudyPlanetiOSUITests */ = {
			isa = PBXGroup;
			children = (
				EBD1662F2B308BB900CAE1D3 /* StudyPlanetiOSUITests.swift */,
				EBD166312B308BB900CAE1D3 /* StudyPlanetiOSUITestsLaunchTests.swift */,
			);
			path = StudyPlanetiOSUITests;
			sourceTree = "<group>";
		};
/* End PBXGroup section */

/* Begin PBXNativeTarget section */
		EBD166102B308BB700CAE1D3 /* StudyPlanetiOS */ = {
			isa = PBXNativeTarget;
			buildConfigurationList = EBD166352B308BB900CAE1D3 /* Build configuration list for PBXNativeTarget "StudyPlanetiOS" */;
			buildPhases = (
				EBD1660D2B308BB700CAE1D3 /* Sources */,
				EBD1660E2B308BB700CAE1D3 /* Frameworks */,
				EBD1660F2B308BB700CAE1D3 /* Resources */,
			);
			buildRules = (
			);
			dependencies = (
			);
			name = StudyPlanetiOS;
			productName = StudyPlanetiOS;
			productReference = EBD166112B308BB700CAE1D3 /* StudyPlanetiOS.app */;
			productType = "com.apple.product-type.application";
		};
		EBD166202B308BB900CAE1D3 /* StudyPlanetiOSTests */ = {
			isa = PBXNativeTarget;
			buildConfigurationList = EBD166382B308BB900CAE1D3 /* Build configuration list for PBXNativeTarget "StudyPlanetiOSTests" */;
			buildPhases = (
				EBD1661D2B308BB900CAE1D3 /* Sources */,
				EBD1661E2B308BB900CAE1D3 /* Frameworks */,
				EBD1661F2B308BB900CAE1D3 /* Resources */,
			);
			buildRules = (
			);
			dependencies = (
				EBD166232B308BB900CAE1D3 /* PBXTargetDependency */,
			);
			name = StudyPlanetiOSTests;
			productName = StudyPlanetiOSTests;
			productReference = EBD166212B308BB900CAE1D3 /* StudyPlanetiOSTests.xctest */;
			productType = "com.apple.product-type.bundle.unit-test";
		};
		EBD1662A2B308BB900CAE1D3 /* StudyPlanetiOSUITests */ = {
			isa = PBXNativeTarget;
			buildConfigurationList = EBD1663B2B308BB900CAE1D3 /* Build configuration list for PBXNativeTarget "StudyPlanetiOSUITests" */;
			buildPhases = (
				EBD166272B308BB900CAE1D3 /* Sources */,
				EBD166282B308BB900CAE1D3 /* Frameworks */,
				EBD166292B308BB900CAE1D3 /* Resources */,
			);
			buildRules = (
			);
			dependencies = (
				EBD1662D2B308BB900CAE1D3 /* PBXTargetDependency */,
			);
			name = StudyPlanetiOSUITests;
			productName = StudyPlanetiOSUITests;
			productReference = EBD1662B2B308BB900CAE1D3 /* StudyPlanetiOSUITests.xctest */;
			productType = "com.apple.product-type.bundle.ui-testing";
		};
/* End PBXNativeTarget section */

/* Begin PBXProject section */
		EBD166092B308BB700CAE1D3 /* Project object */ = {
			isa = PBXProject;
			attributes = {
				BuildIndependentTargetsInParallel = 1;
				LastSwiftUpdateCheck = 1420;
				LastUpgradeCheck = 1420;
				TargetAttributes = {
					EBD166102B308BB700CAE1D3 = {
						CreatedOnToolsVersion = 14.2;
					};
					EBD166202B308BB900CAE1D3 = {
						CreatedOnToolsVersion = 14.2;
						TestTargetID = EBD166102B308BB700CAE1D3;
					};
					EBD1662A2B308BB900CAE1D3 = {
						CreatedOnToolsVersion = 14.2;
						TestTargetID = EBD166102B308BB700CAE1D3;
					};
				};
			};
			buildConfigurationList = EBD1660C2B308BB700CAE1D3 /* Build configuration list for PBXProject "StudyPlanetiOS" */;
			compatibilityVersion = "Xcode 14.0";
			developmentRegion = en;
			hasScannedForEncodings = 0;
			knownRegions = (
				en,
				Base,
			);
			mainGroup = EBD166082B308BB700CAE1D3;
			productRefGroup = EBD166122B308BB700CAE1D3 /* Products */;
			projectDirPath = "";
			projectRoot = "";
			targets = (
				EBD166102B308BB700CAE1D3 /* StudyPlanetiOS */,
				EBD166202B308BB900CAE1D3 /* StudyPlanetiOSTests */,
				EBD1662A2B308BB900CAE1D3 /* StudyPlanetiOSUITests */,
			);
		};
/* End PBXProject section */

/* Begin PBXResourcesBuildPhase section */
		EBD1660F2B308BB700CAE1D3 /* Resources */ = {
			isa = PBXResourcesBuildPhase;
			buildActionMask = 2147483647;
			files = (
				EBD1661C2B308BB800CAE1D3 /* Preview Assets.xcassets in Resources */,
				EBD166192B308BB800CAE1D3 /* Assets.xcassets in Resources */,
			);
			runOnlyForDeploymentPostprocessing = 0;
		};
		EBD1661F2B308BB900CAE1D3 /* Resources */ = {
			isa = PBXResourcesBuildPhase;
			buildActionMask = 2147483647;
			files = (
			);
			runOnlyForDeploymentPostprocessing = 0;
		};
		EBD166292B308BB900CAE1D3 /* Resources */ = {
			isa = PBXResourcesBuildPhase;
			buildActionMask = 2147483647;
			files = (
			);
			runOnlyForDeploymentPostprocessing = 0;
		};
/* End PBXResourcesBuildPhase section */

/* Begin PBXSourcesBuildPhase section */
		EBD1660D2B308BB700CAE1D3 /* Sources */ = {
			isa = PBXSourcesBuildPhase;
			buildActionMask = 2147483647;
			files = (
				EBD166172B308BB700CAE1D3 /* ContentView.swift in Sources */,
				EBD166152B308BB700CAE1D3 /* StudyPlanetiOSApp.swift in Sources */,
			);
			runOnlyForDeploymentPostprocessing = 0;
		};
		EBD1661D2B308BB900CAE1D3 /* Sources */ = {
			isa = PBXSourcesBuildPhase;
			buildActionMask = 2147483647;
			files = (
				EBD166262B308BB900CAE1D3 /* StudyPlanetiOSTests.swift in Sources */,
			);
			runOnlyForDeploymentPostprocessing = 0;
		};
		EBD166272B308BB900CAE1D3 /* Sources */ = {
			isa = PBXSourcesBuildPhase;
			buildActionMask = 2147483647;
			files = (
				EBD166322B308BB900CAE1D3 /* StudyPlanetiOSUITestsLaunchTests.swift in Sources */,
				EBD166302B308BB900CAE1D3 /* StudyPlanetiOSUITests.swift in Sources */,
			);
			runOnlyForDeploymentPostprocessing = 0;
		};
/* End PBXSourcesBuildPhase section */

/* Begin PBXTargetDependency section */
		EBD166232B308BB900CAE1D3 /* PBXTargetDependency */ = {
			isa = PBXTargetDependency;
			target = EBD166102B308BB700CAE1D3 /* StudyPlanetiOS */;
			targetProxy = EBD166222B308BB900CAE1D3 /* PBXContainerItemProxy */;
		};
		EBD1662D2B308BB900CAE1D3 /* PBXTargetDependency */ = {
			isa = PBXTargetDependency;
			target = EBD166102B308BB700CAE1D3 /* StudyPlanetiOS */;
			targetProxy = EBD1662C2B308BB900CAE1D3 /* PBXContainerItemProxy */;
		};
/* End PBXTargetDependency section */

/* Begin XCBuildConfiguration section */
		EBD166332B308BB900CAE1D3 /* Debug */ = {
			isa = XCBuildConfiguration;
			buildSettings = {
				ALWAYS_SEARCH_USER_PATHS = NO;
				CLANG_ANALYZER_NONNULL = YES;
				CLANG_ANALYZER_NUMBER_OBJECT_CONVERSION = YES_AGGRESSIVE;
				CLANG_CXX_LANGUAGE_STANDARD = "gnu++20";
				CLANG_ENABLE_MODULES = YES;
				CLANG_ENABLE_OBJC_ARC = YES;
				CLANG_ENABLE_OBJC_WEAK = YES;
				CLANG_WARN_BLOCK_CAPTURE_AUTORELEASING = YES;
				CLANG_WARN_BOOL_CONVERSION = YES;
				CLANG_WARN_COMMA = YES;
				CLANG_WARN_CONSTANT_CONVERSION = YES;
				CLANG_WARN_DEPRECATED_OBJC_IMPLEMENTATIONS = YES;
				CLANG_WARN_DIRECT_OBJC_ISA_USAGE = YES_ERROR;
				CLANG_WARN_DOCUMENTATION_COMMENTS = YES;
				CLANG_WARN_EMPTY_BODY = YES;
				CLANG_WARN_ENUM_CONVERSION = YES;
				CLANG_WARN_INFINITE_RECURSION = YES;
				CLANG_WARN_INT_CONVERSION = YES;
				CLANG_WARN_NON_LITERAL_NULL_CONVERSION = YES;
				CLANG_WARN_OBJC_IMPLICIT_RETAIN_SELF = YES;
				CLANG_WARN_OBJC_LITERAL_CONVERSION = YES;
				CLANG_WARN_OBJC_ROOT_CLASS = YES_ERROR;
				CLANG_WARN_QUOTED_INCLUDE_IN_FRAMEWORK_HEADER = YES;
				CLANG_WARN_RANGE_LOOP_ANALYSIS = YES;
				CLANG_WARN_STRICT_PROTOTYPES = YES;
				CLANG_WARN_SUSPICIOUS_MOVE = YES;
				CLANG_WARN_UNGUARDED_AVAILABILITY = YES_AGGRESSIVE;
				CLANG_WARN_UNREACHABLE_CODE = YES;
				CLANG_WARN__DUPLICATE_METHOD_MATCH = YES;
				COPY_PHASE_STRIP = NO;
				DEBUG_INFORMATION_FORMAT = dwarf;
				ENABLE_STRICT_OBJC_MSGSEND = YES;
				ENABLE_TESTABILITY = YES;
				GCC_C_LANGUAGE_STANDARD = gnu11;
				GCC_DYNAMIC_NO_PIC = NO;
				GCC_NO_COMMON_BLOCKS = YES;
				GCC_OPTIMIZATION_LEVEL = 0;
				GCC_PREPROCESSOR_DEFINITIONS = (
					"DEBUG=1",
					"$(inherited)",
				);
				GCC_WARN_64_TO_32_BIT_CONVERSION = YES;
				GCC_WARN_ABOUT_RETURN_TYPE = YES_ERROR;
				GCC_WARN_UNDECLARED_SELECTOR = YES;
				GCC_WARN_UNINITIALIZED_AUTOS = YES_AGGRESSIVE;
				GCC_WARN_UNUSED_FUNCTION = YES;
				GCC_WARN_UNUSED_VARIABLE = YES;
				IPHONEOS_DEPLOYMENT_TARGET = 16.2;
				MTL_ENABLE_DEBUG_INFO = INCLUDE_SOURCE;
				MTL_FAST_MATH = YES;
				ONLY_ACTIVE_ARCH = YES;
				SDKROOT = iphoneos;
				SWIFT_ACTIVE_COMPILATION_CONDITIONS = DEBUG;
				SWIFT_OPTIMIZATION_LEVEL = "-Onone";
			};
			name = Debug;
		};
		EBD166342B308BB900CAE1D3 /* Release */ = {
			isa = XCBuildConfiguration;
			buildSettings = {
				ALWAYS_SEARCH_USER_PATHS = NO;
				CLANG_ANALYZER_NONNULL = YES;
				CLANG_ANALYZER_NUMBER_OBJECT_CONVERSION = YES_AGGRESSIVE;
				CLANG_CXX_LANGUAGE_STANDARD = "gnu++20";
				CLANG_ENABLE_MODULES = YES;
				CLANG_ENABLE_OBJC_ARC = YES;
				CLANG_ENABLE_OBJC_WEAK = YES;
				CLANG_WARN_BLOCK_CAPTURE_AUTORELEASING = YES;
				CLANG_WARN_BOOL_CONVERSION = YES;
				CLANG_WARN_COMMA = YES;
				CLANG_WARN_CONSTANT_CONVERSION = YES;
				CLANG_WARN_DEPRECATED_OBJC_IMPLEMENTATIONS = YES;
				CLANG_WARN_DIRECT_OBJC_ISA_USAGE = YES_ERROR;
				CLANG_WARN_DOCUMENTATION_COMMENTS = YES;
				CLANG_WARN_EMPTY_BODY = YES;
				CLANG_WARN_ENUM_CONVERSION = YES;
				CLANG_WARN_INFINITE_RECURSION = YES;
				CLANG_WARN_INT_CONVERSION = YES;
				CLANG_WARN_NON_LITERAL_NULL_CONVERSION = YES;
				CLANG_WARN_OBJC_IMPLICIT_RETAIN_SELF = YES;
				CLANG_WARN_OBJC_LITERAL_CONVERSION = YES;
				CLANG_WARN_OBJC_ROOT_CLASS = YES_ERROR;
				CLANG_WARN_QUOTED_INCLUDE_IN_FRAMEWORK_HEADER = YES;
				CLANG_WARN_RANGE_LOOP_ANALYSIS = YES;
				CLANG_WARN_STRICT_PROTOTYPES = YES;
				CLANG_WARN_SUSPICIOUS_MOVE = YES;
				CLANG_WARN_UNGUARDED_AVAILABILITY = YES_AGGRESSIVE;
				CLANG_WARN_UNREACHABLE_CODE = YES;
				CLANG_WARN__DUPLICATE_METHOD_MATCH = YES;
				COPY_PHASE_STRIP = NO;
				DEBUG_INFORMATION_FORMAT = "dwarf-with-dsym";
				ENABLE_NS_ASSERTIONS = NO;
				ENABLE_STRICT_OBJC_MSGSEND = YES;
				GCC_C_LANGUAGE_STANDARD = gnu11;
				GCC_NO_COMMON_BLOCKS = YES;
				GCC_WARN_64_TO_32_BIT_CONVERSION = YES;
				GCC_WARN_ABOUT_RETURN_TYPE = YES_ERROR;
				GCC_WARN_UNDECLARED_SELECTOR = YES;
				GCC_WARN_UNINITIALIZED_AUTOS = YES_AGGRESSIVE;
				GCC_WARN_UNUSED_FUNCTION = YES;
				GCC_WARN_UNUSED_VARIABLE = YES;
				IPHONEOS_DEPLOYMENT_TARGET = 16.2;
				MTL_ENABLE_DEBUG_INFO = NO;
				MTL_FAST_MATH = YES;
				SDKROOT = iphoneos;
				SWIFT_COMPILATION_MODE = wholemodule;
				SWIFT_OPTIMIZATION_LEVEL = "-O";
				VALIDATE_PRODUCT = YES;
			};
			name = Release;
		};
		EBD166362B308BB900CAE1D3 /* Debug */ = {
			isa = XCBuildConfiguration;
			buildSettings = {
				ASSETCATALOG_COMPILER_APPICON_NAME = AppIcon;
				ASSETCATALOG_COMPILER_GLOBAL_ACCENT_COLOR_NAME = AccentColor;
				CODE_SIGN_STYLE = Automatic;
				CURRENT_PROJECT_VERSION = 1;
				DEVELOPMENT_ASSET_PATHS = "\"StudyPlanetiOS/Preview Content\"";
				DEVELOPMENT_TEAM = NUX93MU6QK;
				ENABLE_PREVIEWS = YES;
				GENERATE_INFOPLIST_FILE = YES;
				INFOPLIST_KEY_UIApplicationSceneManifest_Generation = YES;
				INFOPLIST_KEY_UIApplicationSupportsIndirectInputEvents = YES;
				INFOPLIST_KEY_UILaunchScreen_Generation = YES;
				INFOPLIST_KEY_UISupportedInterfaceOrientations_iPad = "UIInterfaceOrientationPortrait UIInterfaceOrientationPortraitUpsideDown UIInterfaceOrientationLandscapeLeft UIInterfaceOrientationLandscapeRight";
				INFOPLIST_KEY_UISupportedInterfaceOrientations_iPhone = "UIInterfaceOrientationPortrait UIInterfaceOrientationLandscapeLeft UIInterfaceOrientationLandscapeRight";
				LD_RUNPATH_SEARCH_PATHS = (
					"$(inherited)",
					"@executable_path/Frameworks",
				);
				MARKETING_VERSION = 1.0;
				PRODUCT_BUNDLE_IDENTIFIER = com.qwict.StudyPlanetiOS;
				PRODUCT_NAME = "$(TARGET_NAME)";
				SWIFT_EMIT_LOC_STRINGS = YES;
				SWIFT_VERSION = 5.0;
				TARGETED_DEVICE_FAMILY = "1,2";
			};
			name = Debug;
		};
		EBD166372B308BB900CAE1D3 /* Release */ = {
			isa = XCBuildConfiguration;
			buildSettings = {
				ASSETCATALOG_COMPILER_APPICON_NAME = AppIcon;
				ASSETCATALOG_COMPILER_GLOBAL_ACCENT_COLOR_NAME = AccentColor;
				CODE_SIGN_STYLE = Automatic;
				CURRENT_PROJECT_VERSION = 1;
				DEVELOPMENT_ASSET_PATHS = "\"StudyPlanetiOS/Preview Content\"";
				DEVELOPMENT_TEAM = NUX93MU6QK;
				ENABLE_PREVIEWS = YES;
				GENERATE_INFOPLIST_FILE = YES;
				INFOPLIST_KEY_UIApplicationSceneManifest_Generation = YES;
				INFOPLIST_KEY_UIApplicationSupportsIndirectInputEvents = YES;
				INFOPLIST_KEY_UILaunchScreen_Generation = YES;
				INFOPLIST_KEY_UISupportedInterfaceOrientations_iPad = "UIInterfaceOrientationPortrait UIInterfaceOrientationPortraitUpsideDown UIInterfaceOrientationLandscapeLeft UIInterfaceOrientationLandscapeRight";
				INFOPLIST_KEY_UISupportedInterfaceOrientations_iPhone = "UIInterfaceOrientationPortrait UIInterfaceOrientationLandscapeLeft UIInterfaceOrientationLandscapeRight";
				LD_RUNPATH_SEARCH_PATHS = (
					"$(inherited)",
					"@executable_path/Frameworks",
				);
				MARKETING_VERSION = 1.0;
				PRODUCT_BUNDLE_IDENTIFIER = com.qwict.StudyPlanetiOS;
				PRODUCT_NAME = "$(TARGET_NAME)";
				SWIFT_EMIT_LOC_STRINGS = YES;
				SWIFT_VERSION = 5.0;
				TARGETED_DEVICE_FAMILY = "1,2";
			};
			name = Release;
		};
		EBD166392B308BB900CAE1D3 /* Debug */ = {
			isa = XCBuildConfiguration;
			buildSettings = {
				ALWAYS_EMBED_SWIFT_STANDARD_LIBRARIES = YES;
				BUNDLE_LOADER = "$(TEST_HOST)";
				CODE_SIGN_STYLE = Automatic;
				CURRENT_PROJECT_VERSION = 1;
				DEVELOPMENT_TEAM = NUX93MU6QK;
				GENERATE_INFOPLIST_FILE = YES;
				IPHONEOS_DEPLOYMENT_TARGET = 16.2;
				MARKETING_VERSION = 1.0;
				PRODUCT_BUNDLE_IDENTIFIER = com.qwict.StudyPlanetiOSTests;
				PRODUCT_NAME = "$(TARGET_NAME)";
				SWIFT_EMIT_LOC_STRINGS = NO;
				SWIFT_VERSION = 5.0;
				TARGETED_DEVICE_FAMILY = "1,2";
				TEST_HOST = "$(BUILT_PRODUCTS_DIR)/StudyPlanetiOS.app/$(BUNDLE_EXECUTABLE_FOLDER_PATH)/StudyPlanetiOS";
			};
			name = Debug;
		};
		EBD1663A2B308BB900CAE1D3 /* Release */ = {
			isa = XCBuildConfiguration;
			buildSettings = {
				ALWAYS_EMBED_SWIFT_STANDARD_LIBRARIES = YES;
				BUNDLE_LOADER = "$(TEST_HOST)";
				CODE_SIGN_STYLE = Automatic;
				CURRENT_PROJECT_VERSION = 1;
				DEVELOPMENT_TEAM = NUX93MU6QK;
				GENERATE_INFOPLIST_FILE = YES;
				IPHONEOS_DEPLOYMENT_TARGET = 16.2;
				MARKETING_VERSION = 1.0;
				PRODUCT_BUNDLE_IDENTIFIER = com.qwict.StudyPlanetiOSTests;
				PRODUCT_NAME = "$(TARGET_NAME)";
				SWIFT_EMIT_LOC_STRINGS = NO;
				SWIFT_VERSION = 5.0;
				TARGETED_DEVICE_FAMILY = "1,2";
				TEST_HOST = "$(BUILT_PRODUCTS_DIR)/StudyPlanetiOS.app/$(BUNDLE_EXECUTABLE_FOLDER_PATH)/StudyPlanetiOS";
			};
			name = Release;
		};
		EBD1663C2B308BB900CAE1D3 /* Debug */ = {
			isa = XCBuildConfiguration;
			buildSettings = {
				ALWAYS_EMBED_SWIFT_STANDARD_LIBRARIES = YES;
				CODE_SIGN_STYLE = Automatic;
				CURRENT_PROJECT_VERSION = 1;
				DEVELOPMENT_TEAM = NUX93MU6QK;
				GENERATE_INFOPLIST_FILE = YES;
				MARKETING_VERSION = 1.0;
				PRODUCT_BUNDLE_IDENTIFIER = com.qwict.StudyPlanetiOSUITests;
				PRODUCT_NAME = "$(TARGET_NAME)";
				SWIFT_EMIT_LOC_STRINGS = NO;
				SWIFT_VERSION = 5.0;
				TARGETED_DEVICE_FAMILY = "1,2";
				TEST_TARGET_NAME = StudyPlanetiOS;
			};
			name = Debug;
		};
		EBD1663D2B308BB900CAE1D3 /* Release */ = {
			isa = XCBuildConfiguration;
			buildSettings = {
				ALWAYS_EMBED_SWIFT_STANDARD_LIBRARIES = YES;
				CODE_SIGN_STYLE = Automatic;
				CURRENT_PROJECT_VERSION = 1;
				DEVELOPMENT_TEAM = NUX93MU6QK;
				GENERATE_INFOPLIST_FILE = YES;
				MARKETING_VERSION = 1.0;
				PRODUCT_BUNDLE_IDENTIFIER = com.qwict.StudyPlanetiOSUITests;
				PRODUCT_NAME = "$(TARGET_NAME)";
				SWIFT_EMIT_LOC_STRINGS = NO;
				SWIFT_VERSION = 5.0;
				TARGETED_DEVICE_FAMILY = "1,2";
				TEST_TARGET_NAME = StudyPlanetiOS;
			};
			name = Release;
		};
/* End XCBuildConfiguration section */

/* Begin XCConfigurationList section */
		EBD1660C2B308BB700CAE1D3 /* Build configuration list for PBXProject "StudyPlanetiOS" */ = {
			isa = XCConfigurationList;
			buildConfigurations = (
				EBD166332B308BB900CAE1D3 /* Debug */,
				EBD166342B308BB900CAE1D3 /* Release */,
			);
			defaultConfigurationIsVisible = 0;
			defaultConfigurationName = Release;
		};
		EBD166352B308BB900CAE1D3 /* Build configuration list for PBXNativeTarget "StudyPlanetiOS" */ = {
			isa = XCConfigurationList;
			buildConfigurations = (
				EBD166362B308BB900CAE1D3 /* Debug */,
				EBD166372B308BB900CAE1D3 /* Release */,
			);
			defaultConfigurationIsVisible = 0;
			defaultConfigurationName = Release;
		};
		EBD166382B308BB900CAE1D3 /* Build configuration list for PBXNativeTarget "StudyPlanetiOSTests" */ = {
			isa = XCConfigurationList;
			buildConfigurations = (
				EBD166392B308BB900CAE1D3 /* Debug */,
				EBD1663A2B308BB900CAE1D3 /* Release */,
			);
			defaultConfigurationIsVisible = 0;
			defaultConfigurationName = Release;
		};
		EBD1663B2B308BB900CAE1D3 /* Build configuration list for PBXNativeTarget "StudyPlanetiOSUITests" */ = {
			isa = XCConfigurationList;
			buildConfigurations = (
				EBD1663C2B308BB900CAE1D3 /* Debug */,
				EBD1663D2B308BB900CAE1D3 /* Release */,
			);
			defaultConfigurationIsVisible = 0;
			defaultConfigurationName = Release;
		};
/* End XCConfigurationList section */
	};
	rootObject = EBD166092B308BB700CAE1D3 /* Project object */;
}
